// !$*UTF8*$!
{
	archiveVersion = 1;
	classes = {
	};
	objectVersion = 56;
	objects = {

/* Begin PBXBuildFile section */
		C70C33A72A4B248D00F5B05C /* UIColor+Extension.swift in Sources */ = {isa = PBXBuildFile; fileRef = C70C33A62A4B248D00F5B05C /* UIColor+Extension.swift */; };
		C73D8D282A49B01200A1997A /* UILabel+Extension.swift in Sources */ = {isa = PBXBuildFile; fileRef = C73D8D272A49B01200A1997A /* UILabel+Extension.swift */; };
		C73D8D2A2A49B2EE00A1997A /* UIImageView+Extension.swift in Sources */ = {isa = PBXBuildFile; fileRef = C73D8D292A49B2EE00A1997A /* UIImageView+Extension.swift */; };
		C73D8D2D2A4A9FD000A1997A /* ChatMessageViewController.swift in Sources */ = {isa = PBXBuildFile; fileRef = C73D8D2C2A4A9FD000A1997A /* ChatMessageViewController.swift */; };
		C73D8D2F2A4AA07A00A1997A /* ChatMessageTableCell.swift in Sources */ = {isa = PBXBuildFile; fileRef = C73D8D2E2A4AA07A00A1997A /* ChatMessageTableCell.swift */; };
		C73D8D312A4AA0A100A1997A /* ChatMessageDataSource.swift in Sources */ = {isa = PBXBuildFile; fileRef = C73D8D302A4AA0A100A1997A /* ChatMessageDataSource.swift */; };
		C73D8D332A4AA14A00A1997A /* String+Extension.swift in Sources */ = {isa = PBXBuildFile; fileRef = C73D8D322A4AA14A00A1997A /* String+Extension.swift */; };
		C73D8D352A4AA16300A1997A /* Date+Extension.swift in Sources */ = {isa = PBXBuildFile; fileRef = C73D8D342A4AA16300A1997A /* Date+Extension.swift */; };
		C73D8D372A4AA4EA00A1997A /* ChatHeaderDateLabel.swift in Sources */ = {isa = PBXBuildFile; fileRef = C73D8D362A4AA4EA00A1997A /* ChatHeaderDateLabel.swift */; };
		C75C8C782A4209F100B46DEF /* UICollectionView+Extension.swift in Sources */ = {isa = PBXBuildFile; fileRef = C75C8C772A4209F100B46DEF /* UICollectionView+Extension.swift */; };
		C75C8C7A2A42BFA600B46DEF /* GitHubProfilePreviewController.swift in Sources */ = {isa = PBXBuildFile; fileRef = C75C8C792A42BFA600B46DEF /* GitHubProfilePreviewController.swift */; };
		C75C8C7C2A44498A00B46DEF /* UIStackView+Extension.swift in Sources */ = {isa = PBXBuildFile; fileRef = C75C8C7B2A44498A00B46DEF /* UIStackView+Extension.swift */; };
		C75C8C7E2A449A9800B46DEF /* Int+Extension.swift in Sources */ = {isa = PBXBuildFile; fileRef = C75C8C7D2A449A9800B46DEF /* Int+Extension.swift */; };
		C7809DB12A40A1A200206C53 /* AppDelegate.swift in Sources */ = {isa = PBXBuildFile; fileRef = C7809DB02A40A1A200206C53 /* AppDelegate.swift */; };
		C7809DBA2A40A1A400206C53 /* Assets.xcassets in Resources */ = {isa = PBXBuildFile; fileRef = C7809DB92A40A1A400206C53 /* Assets.xcassets */; };
		C7809DBD2A40A1A400206C53 /* LaunchScreen.storyboard in Resources */ = {isa = PBXBuildFile; fileRef = C7809DBB2A40A1A400206C53 /* LaunchScreen.storyboard */; };
		C7809DC92A40B66000206C53 /* HomeViewController.swift in Sources */ = {isa = PBXBuildFile; fileRef = C7809DC82A40B66000206C53 /* HomeViewController.swift */; };
		C7809DCB2A40B83800206C53 /* HomeControllerDataSource.swift in Sources */ = {isa = PBXBuildFile; fileRef = C7809DCA2A40B83800206C53 /* HomeControllerDataSource.swift */; };
		C7809DCE2A40B8F500206C53 /* GitHubFollowersController.swift in Sources */ = {isa = PBXBuildFile; fileRef = C7809DCD2A40B8F500206C53 /* GitHubFollowersController.swift */; };
		C7809DD12A40B91200206C53 /* BaseViewController.swift in Sources */ = {isa = PBXBuildFile; fileRef = C7809DD02A40B91200206C53 /* BaseViewController.swift */; };
		C7809DD42A40BACD00206C53 /* UIView+Extension.swift in Sources */ = {isa = PBXBuildFile; fileRef = C7809DD32A40BACD00206C53 /* UIView+Extension.swift */; };
		C7809DD62A40BB4B00206C53 /* UITableView+Extension.swift in Sources */ = {isa = PBXBuildFile; fileRef = C7809DD52A40BB4B00206C53 /* UITableView+Extension.swift */; };
		C7809DD92A40BBC600206C53 /* BaseTableCell.swift in Sources */ = {isa = PBXBuildFile; fileRef = C7809DD82A40BBC600206C53 /* BaseTableCell.swift */; };
		C7809DDB2A40BC4200206C53 /* HomeListItemTableCell.swift in Sources */ = {isa = PBXBuildFile; fileRef = C7809DDA2A40BC4200206C53 /* HomeListItemTableCell.swift */; };
		C7809DDD2A41E74000206C53 /* BaseCollectionCell.swift in Sources */ = {isa = PBXBuildFile; fileRef = C7809DDC2A41E74000206C53 /* BaseCollectionCell.swift */; };
		C7809DDF2A41E79300206C53 /* GitHubProfileCollectionCell.swift in Sources */ = {isa = PBXBuildFile; fileRef = C7809DDE2A41E79300206C53 /* GitHubProfileCollectionCell.swift */; };
		C7809DE12A42087800206C53 /* GitHubFollowersDataSource.swift in Sources */ = {isa = PBXBuildFile; fileRef = C7809DE02A42087800206C53 /* GitHubFollowersDataSource.swift */; };
/* End PBXBuildFile section */

/* Begin PBXFileReference section */
		C70C33A62A4B248D00F5B05C /* UIColor+Extension.swift */ = {isa = PBXFileReference; lastKnownFileType = sourcecode.swift; path = "UIColor+Extension.swift"; sourceTree = "<group>"; };
		C73D8D272A49B01200A1997A /* UILabel+Extension.swift */ = {isa = PBXFileReference; lastKnownFileType = sourcecode.swift; path = "UILabel+Extension.swift"; sourceTree = "<group>"; };
		C73D8D292A49B2EE00A1997A /* UIImageView+Extension.swift */ = {isa = PBXFileReference; lastKnownFileType = sourcecode.swift; path = "UIImageView+Extension.swift"; sourceTree = "<group>"; };
		C73D8D2C2A4A9FD000A1997A /* ChatMessageViewController.swift */ = {isa = PBXFileReference; lastKnownFileType = sourcecode.swift; path = ChatMessageViewController.swift; sourceTree = "<group>"; };
		C73D8D2E2A4AA07A00A1997A /* ChatMessageTableCell.swift */ = {isa = PBXFileReference; lastKnownFileType = sourcecode.swift; path = ChatMessageTableCell.swift; sourceTree = "<group>"; };
		C73D8D302A4AA0A100A1997A /* ChatMessageDataSource.swift */ = {isa = PBXFileReference; lastKnownFileType = sourcecode.swift; path = ChatMessageDataSource.swift; sourceTree = "<group>"; };
		C73D8D322A4AA14A00A1997A /* String+Extension.swift */ = {isa = PBXFileReference; lastKnownFileType = sourcecode.swift; path = "String+Extension.swift"; sourceTree = "<group>"; };
		C73D8D342A4AA16300A1997A /* Date+Extension.swift */ = {isa = PBXFileReference; lastKnownFileType = sourcecode.swift; path = "Date+Extension.swift"; sourceTree = "<group>"; };
		C73D8D362A4AA4EA00A1997A /* ChatHeaderDateLabel.swift */ = {isa = PBXFileReference; lastKnownFileType = sourcecode.swift; path = ChatHeaderDateLabel.swift; sourceTree = "<group>"; };
		C75C8C772A4209F100B46DEF /* UICollectionView+Extension.swift */ = {isa = PBXFileReference; lastKnownFileType = sourcecode.swift; path = "UICollectionView+Extension.swift"; sourceTree = "<group>"; };
		C75C8C792A42BFA600B46DEF /* GitHubProfilePreviewController.swift */ = {isa = PBXFileReference; lastKnownFileType = sourcecode.swift; path = GitHubProfilePreviewController.swift; sourceTree = "<group>"; };
		C75C8C7B2A44498A00B46DEF /* UIStackView+Extension.swift */ = {isa = PBXFileReference; lastKnownFileType = sourcecode.swift; path = "UIStackView+Extension.swift"; sourceTree = "<group>"; };
		C75C8C7D2A449A9800B46DEF /* Int+Extension.swift */ = {isa = PBXFileReference; lastKnownFileType = sourcecode.swift; path = "Int+Extension.swift"; sourceTree = "<group>"; };
		C7809DAD2A40A1A200206C53 /* UIKitApp.app */ = {isa = PBXFileReference; explicitFileType = wrapper.application; includeInIndex = 0; path = UIKitApp.app; sourceTree = BUILT_PRODUCTS_DIR; };
		C7809DB02A40A1A200206C53 /* AppDelegate.swift */ = {isa = PBXFileReference; lastKnownFileType = sourcecode.swift; path = AppDelegate.swift; sourceTree = "<group>"; };
		C7809DB92A40A1A400206C53 /* Assets.xcassets */ = {isa = PBXFileReference; lastKnownFileType = folder.assetcatalog; path = Assets.xcassets; sourceTree = "<group>"; };
		C7809DBC2A40A1A400206C53 /* Base */ = {isa = PBXFileReference; lastKnownFileType = file.storyboard; name = Base; path = Base.lproj/LaunchScreen.storyboard; sourceTree = "<group>"; };
		C7809DBE2A40A1A400206C53 /* Info.plist */ = {isa = PBXFileReference; lastKnownFileType = text.plist.xml; path = Info.plist; sourceTree = "<group>"; };
		C7809DC82A40B66000206C53 /* HomeViewController.swift */ = {isa = PBXFileReference; lastKnownFileType = sourcecode.swift; path = HomeViewController.swift; sourceTree = "<group>"; };
		C7809DCA2A40B83800206C53 /* HomeControllerDataSource.swift */ = {isa = PBXFileReference; lastKnownFileType = sourcecode.swift; path = HomeControllerDataSource.swift; sourceTree = "<group>"; };
		C7809DCD2A40B8F500206C53 /* GitHubFollowersController.swift */ = {isa = PBXFileReference; lastKnownFileType = sourcecode.swift; path = GitHubFollowersController.swift; sourceTree = "<group>"; };
		C7809DD02A40B91200206C53 /* BaseViewController.swift */ = {isa = PBXFileReference; lastKnownFileType = sourcecode.swift; path = BaseViewController.swift; sourceTree = "<group>"; };
		C7809DD32A40BACD00206C53 /* UIView+Extension.swift */ = {isa = PBXFileReference; lastKnownFileType = sourcecode.swift; path = "UIView+Extension.swift"; sourceTree = "<group>"; };
		C7809DD52A40BB4B00206C53 /* UITableView+Extension.swift */ = {isa = PBXFileReference; lastKnownFileType = sourcecode.swift; path = "UITableView+Extension.swift"; sourceTree = "<group>"; };
		C7809DD82A40BBC600206C53 /* BaseTableCell.swift */ = {isa = PBXFileReference; lastKnownFileType = sourcecode.swift; path = BaseTableCell.swift; sourceTree = "<group>"; };
		C7809DDA2A40BC4200206C53 /* HomeListItemTableCell.swift */ = {isa = PBXFileReference; lastKnownFileType = sourcecode.swift; path = HomeListItemTableCell.swift; sourceTree = "<group>"; };
		C7809DDC2A41E74000206C53 /* BaseCollectionCell.swift */ = {isa = PBXFileReference; lastKnownFileType = sourcecode.swift; path = BaseCollectionCell.swift; sourceTree = "<group>"; };
		C7809DDE2A41E79300206C53 /* GitHubProfileCollectionCell.swift */ = {isa = PBXFileReference; lastKnownFileType = sourcecode.swift; path = GitHubProfileCollectionCell.swift; sourceTree = "<group>"; };
		C7809DE02A42087800206C53 /* GitHubFollowersDataSource.swift */ = {isa = PBXFileReference; lastKnownFileType = sourcecode.swift; path = GitHubFollowersDataSource.swift; sourceTree = "<group>"; };
/* End PBXFileReference section */

/* Begin PBXFrameworksBuildPhase section */
		C7809DAA2A40A1A200206C53 /* Frameworks */ = {
			isa = PBXFrameworksBuildPhase;
			buildActionMask = 2147483647;
			files = (
			);
			runOnlyForDeploymentPostprocessing = 0;
		};
/* End PBXFrameworksBuildPhase section */

/* Begin PBXGroup section */
		C70C33A82A4B249800F5B05C /* UIKit */ = {
			isa = PBXGroup;
			children = (
				C7809DD32A40BACD00206C53 /* UIView+Extension.swift */,
				C7809DD52A40BB4B00206C53 /* UITableView+Extension.swift */,
				C75C8C772A4209F100B46DEF /* UICollectionView+Extension.swift */,
				C75C8C7B2A44498A00B46DEF /* UIStackView+Extension.swift */,
				C73D8D272A49B01200A1997A /* UILabel+Extension.swift */,
				C73D8D292A49B2EE00A1997A /* UIImageView+Extension.swift */,
				C70C33A62A4B248D00F5B05C /* UIColor+Extension.swift */,
			);
			path = UIKit;
			sourceTree = "<group>";
		};
		C70C33A92A4B24A400F5B05C /* Foundation */ = {
			isa = PBXGroup;
			children = (
				C75C8C7D2A449A9800B46DEF /* Int+Extension.swift */,
				C73D8D322A4AA14A00A1997A /* String+Extension.swift */,
				C73D8D342A4AA16300A1997A /* Date+Extension.swift */,
			);
			path = Foundation;
			sourceTree = "<group>";
		};
		C73D8D2B2A4A9FB800A1997A /* ChatUI */ = {
			isa = PBXGroup;
			children = (
				C73D8D2C2A4A9FD000A1997A /* ChatMessageViewController.swift */,
				C73D8D2E2A4AA07A00A1997A /* ChatMessageTableCell.swift */,
				C73D8D302A4AA0A100A1997A /* ChatMessageDataSource.swift */,
				C73D8D362A4AA4EA00A1997A /* ChatHeaderDateLabel.swift */,
			);
			path = ChatUI;
			sourceTree = "<group>";
		};
		C7809DA42A40A1A200206C53 = {
			isa = PBXGroup;
			children = (
				C7809DAF2A40A1A200206C53 /* UIKitApp */,
				C7809DAE2A40A1A200206C53 /* Products */,
			);
			sourceTree = "<group>";
		};
		C7809DAE2A40A1A200206C53 /* Products */ = {
			isa = PBXGroup;
			children = (
				C7809DAD2A40A1A200206C53 /* UIKitApp.app */,
			);
			name = Products;
			sourceTree = "<group>";
		};
		C7809DAF2A40A1A200206C53 /* UIKitApp */ = {
			isa = PBXGroup;
			children = (
				C7809DD72A40BBB700206C53 /* Views */,
				C7809DD22A40BAAC00206C53 /* Extensions */,
				C7809DC42A40B53D00206C53 /* AppDelegate */,
				C7809DC62A40B63000206C53 /* Modules */,
				C7809DC52A40B55100206C53 /* Resources */,
			);
			path = UIKitApp;
			sourceTree = "<group>";
		};
		C7809DC42A40B53D00206C53 /* AppDelegate */ = {
			isa = PBXGroup;
			children = (
				C7809DB02A40A1A200206C53 /* AppDelegate.swift */,
			);
			path = AppDelegate;
			sourceTree = "<group>";
		};
		C7809DC52A40B55100206C53 /* Resources */ = {
			isa = PBXGroup;
			children = (
				C7809DBE2A40A1A400206C53 /* Info.plist */,
				C7809DB92A40A1A400206C53 /* Assets.xcassets */,
				C7809DBB2A40A1A400206C53 /* LaunchScreen.storyboard */,
			);
			path = Resources;
			sourceTree = "<group>";
		};
		C7809DC62A40B63000206C53 /* Modules */ = {
			isa = PBXGroup;
			children = (
				C7809DCF2A40B90200206C53 /* Common */,
				C7809DC72A40B63F00206C53 /* Home */,
				C7809DCC2A40B8BB00206C53 /* GitHub Followers */,
				C73D8D2B2A4A9FB800A1997A /* ChatUI */,
			);
			path = Modules;
			sourceTree = "<group>";
		};
		C7809DC72A40B63F00206C53 /* Home */ = {
			isa = PBXGroup;
			children = (
				C7809DC82A40B66000206C53 /* HomeViewController.swift */,
				C7809DCA2A40B83800206C53 /* HomeControllerDataSource.swift */,
				C7809DDA2A40BC4200206C53 /* HomeListItemTableCell.swift */,
			);
			path = Home;
			sourceTree = "<group>";
		};
		C7809DCC2A40B8BB00206C53 /* GitHub Followers */ = {
			isa = PBXGroup;
			children = (
				C7809DCD2A40B8F500206C53 /* GitHubFollowersController.swift */,
				C7809DDE2A41E79300206C53 /* GitHubProfileCollectionCell.swift */,
				C7809DE02A42087800206C53 /* GitHubFollowersDataSource.swift */,
				C75C8C792A42BFA600B46DEF /* GitHubProfilePreviewController.swift */,
			);
			path = "GitHub Followers";
			sourceTree = "<group>";
		};
		C7809DCF2A40B90200206C53 /* Common */ = {
			isa = PBXGroup;
			children = (
				C7809DD02A40B91200206C53 /* BaseViewController.swift */,
			);
			path = Common;
			sourceTree = "<group>";
		};
		C7809DD22A40BAAC00206C53 /* Extensions */ = {
			isa = PBXGroup;
			children = (
				C70C33A82A4B249800F5B05C /* UIKit */,
				C70C33A92A4B24A400F5B05C /* Foundation */,
			);
			path = Extensions;
			sourceTree = "<group>";
		};
		C7809DD72A40BBB700206C53 /* Views */ = {
			isa = PBXGroup;
			children = (
				C7809DD82A40BBC600206C53 /* BaseTableCell.swift */,
				C7809DDC2A41E74000206C53 /* BaseCollectionCell.swift */,
			);
			path = Views;
			sourceTree = "<group>";
		};
/* End PBXGroup section */

/* Begin PBXNativeTarget section */
		C7809DAC2A40A1A200206C53 /* UIKitApp */ = {
			isa = PBXNativeTarget;
			buildConfigurationList = C7809DC12A40A1A400206C53 /* Build configuration list for PBXNativeTarget "UIKitApp" */;
			buildPhases = (
				C7809DA92A40A1A200206C53 /* Sources */,
				C7809DAA2A40A1A200206C53 /* Frameworks */,
				C7809DAB2A40A1A200206C53 /* Resources */,
			);
			buildRules = (
			);
			dependencies = (
			);
			name = UIKitApp;
			productName = UIKitApp;
			productReference = C7809DAD2A40A1A200206C53 /* UIKitApp.app */;
			productType = "com.apple.product-type.application";
		};
/* End PBXNativeTarget section */

/* Begin PBXProject section */
		C7809DA52A40A1A200206C53 /* Project object */ = {
			isa = PBXProject;
			attributes = {
				BuildIndependentTargetsInParallel = 1;
				LastSwiftUpdateCheck = 1430;
				LastUpgradeCheck = 1430;
				TargetAttributes = {
					C7809DAC2A40A1A200206C53 = {
						CreatedOnToolsVersion = 14.3;
					};
				};
			};
			buildConfigurationList = C7809DA82A40A1A200206C53 /* Build configuration list for PBXProject "UIKitApp" */;
			compatibilityVersion = "Xcode 14.0";
			developmentRegion = en;
			hasScannedForEncodings = 0;
			knownRegions = (
				en,
				Base,
			);
			mainGroup = C7809DA42A40A1A200206C53;
			productRefGroup = C7809DAE2A40A1A200206C53 /* Products */;
			projectDirPath = "";
			projectRoot = "";
			targets = (
				C7809DAC2A40A1A200206C53 /* UIKitApp */,
			);
		};
/* End PBXProject section */

/* Begin PBXResourcesBuildPhase section */
		C7809DAB2A40A1A200206C53 /* Resources */ = {
			isa = PBXResourcesBuildPhase;
			buildActionMask = 2147483647;
			files = (
				C7809DBD2A40A1A400206C53 /* LaunchScreen.storyboard in Resources */,
				C7809DBA2A40A1A400206C53 /* Assets.xcassets in Resources */,
			);
			runOnlyForDeploymentPostprocessing = 0;
		};
/* End PBXResourcesBuildPhase section */

/* Begin PBXSourcesBuildPhase section */
		C7809DA92A40A1A200206C53 /* Sources */ = {
			isa = PBXSourcesBuildPhase;
			buildActionMask = 2147483647;
			files = (
				C73D8D282A49B01200A1997A /* UILabel+Extension.swift in Sources */,
				C7809DDD2A41E74000206C53 /* BaseCollectionCell.swift in Sources */,
				C75C8C7E2A449A9800B46DEF /* Int+Extension.swift in Sources */,
				C73D8D312A4AA0A100A1997A /* ChatMessageDataSource.swift in Sources */,
				C73D8D2D2A4A9FD000A1997A /* ChatMessageViewController.swift in Sources */,
				C75C8C7A2A42BFA600B46DEF /* GitHubProfilePreviewController.swift in Sources */,
				C73D8D352A4AA16300A1997A /* Date+Extension.swift in Sources */,
				C7809DD42A40BACD00206C53 /* UIView+Extension.swift in Sources */,
				C7809DD92A40BBC600206C53 /* BaseTableCell.swift in Sources */,
				C70C33A72A4B248D00F5B05C /* UIColor+Extension.swift in Sources */,
				C7809DD12A40B91200206C53 /* BaseViewController.swift in Sources */,
				C7809DD62A40BB4B00206C53 /* UITableView+Extension.swift in Sources */,
				C73D8D372A4AA4EA00A1997A /* ChatHeaderDateLabel.swift in Sources */,
				C7809DCE2A40B8F500206C53 /* GitHubFollowersController.swift in Sources */,
				C73D8D2F2A4AA07A00A1997A /* ChatMessageTableCell.swift in Sources */,
				C73D8D332A4AA14A00A1997A /* String+Extension.swift in Sources */,
				C75C8C782A4209F100B46DEF /* UICollectionView+Extension.swift in Sources */,
				C75C8C7C2A44498A00B46DEF /* UIStackView+Extension.swift in Sources */,
				C7809DE12A42087800206C53 /* GitHubFollowersDataSource.swift in Sources */,
				C73D8D2A2A49B2EE00A1997A /* UIImageView+Extension.swift in Sources */,
				C7809DDF2A41E79300206C53 /* GitHubProfileCollectionCell.swift in Sources */,
				C7809DB12A40A1A200206C53 /* AppDelegate.swift in Sources */,
				C7809DCB2A40B83800206C53 /* HomeControllerDataSource.swift in Sources */,
				C7809DC92A40B66000206C53 /* HomeViewController.swift in Sources */,
				C7809DDB2A40BC4200206C53 /* HomeListItemTableCell.swift in Sources */,
			);
			runOnlyForDeploymentPostprocessing = 0;
		};
/* End PBXSourcesBuildPhase section */

/* Begin PBXVariantGroup section */
		C7809DBB2A40A1A400206C53 /* LaunchScreen.storyboard */ = {
			isa = PBXVariantGroup;
			children = (
				C7809DBC2A40A1A400206C53 /* Base */,
			);
			name = LaunchScreen.storyboard;
			sourceTree = "<group>";
		};
/* End PBXVariantGroup section */

/* Begin XCBuildConfiguration section */
		C7809DBF2A40A1A400206C53 /* Debug */ = {
			isa = XCBuildConfiguration;
			buildSettings = {
				ALWAYS_SEARCH_USER_PATHS = NO;
				CLANG_ANALYZER_NONNULL = YES;
				CLANG_ANALYZER_NUMBER_OBJECT_CONVERSION = YES_AGGRESSIVE;
				CLANG_CXX_LANGUAGE_STANDARD = "gnu++20";
				CLANG_ENABLE_MODULES = YES;
				CLANG_ENABLE_OBJC_ARC = YES;
				CLANG_ENABLE_OBJC_WEAK = YES;
				CLANG_WARN_BLOCK_CAPTURE_AUTORELEASING = YES;
				CLANG_WARN_BOOL_CONVERSION = YES;
				CLANG_WARN_COMMA = YES;
				CLANG_WARN_CONSTANT_CONVERSION = YES;
				CLANG_WARN_DEPRECATED_OBJC_IMPLEMENTATIONS = YES;
				CLANG_WARN_DIRECT_OBJC_ISA_USAGE = YES_ERROR;
				CLANG_WARN_DOCUMENTATION_COMMENTS = YES;
				CLANG_WARN_EMPTY_BODY = YES;
				CLANG_WARN_ENUM_CONVERSION = YES;
				CLANG_WARN_INFINITE_RECURSION = YES;
				CLANG_WARN_INT_CONVERSION = YES;
				CLANG_WARN_NON_LITERAL_NULL_CONVERSION = YES;
				CLANG_WARN_OBJC_IMPLICIT_RETAIN_SELF = YES;
				CLANG_WARN_OBJC_LITERAL_CONVERSION = YES;
				CLANG_WARN_OBJC_ROOT_CLASS = YES_ERROR;
				CLANG_WARN_QUOTED_INCLUDE_IN_FRAMEWORK_HEADER = YES;
				CLANG_WARN_RANGE_LOOP_ANALYSIS = YES;
				CLANG_WARN_STRICT_PROTOTYPES = YES;
				CLANG_WARN_SUSPICIOUS_MOVE = YES;
				CLANG_WARN_UNGUARDED_AVAILABILITY = YES_AGGRESSIVE;
				CLANG_WARN_UNREACHABLE_CODE = YES;
				CLANG_WARN__DUPLICATE_METHOD_MATCH = YES;
				COPY_PHASE_STRIP = NO;
				DEBUG_INFORMATION_FORMAT = dwarf;
				ENABLE_STRICT_OBJC_MSGSEND = YES;
				ENABLE_TESTABILITY = YES;
				GCC_C_LANGUAGE_STANDARD = gnu11;
				GCC_DYNAMIC_NO_PIC = NO;
				GCC_NO_COMMON_BLOCKS = YES;
				GCC_OPTIMIZATION_LEVEL = 0;
				GCC_PREPROCESSOR_DEFINITIONS = (
					"DEBUG=1",
					"$(inherited)",
				);
				GCC_WARN_64_TO_32_BIT_CONVERSION = YES;
				GCC_WARN_ABOUT_RETURN_TYPE = YES_ERROR;
				GCC_WARN_UNDECLARED_SELECTOR = YES;
				GCC_WARN_UNINITIALIZED_AUTOS = YES_AGGRESSIVE;
				GCC_WARN_UNUSED_FUNCTION = YES;
				GCC_WARN_UNUSED_VARIABLE = YES;
				IPHONEOS_DEPLOYMENT_TARGET = 16.4;
				MTL_ENABLE_DEBUG_INFO = INCLUDE_SOURCE;
				MTL_FAST_MATH = YES;
				ONLY_ACTIVE_ARCH = YES;
				SDKROOT = iphoneos;
				SWIFT_ACTIVE_COMPILATION_CONDITIONS = DEBUG;
				SWIFT_OPTIMIZATION_LEVEL = "-Onone";
			};
			name = Debug;
		};
		C7809DC02A40A1A400206C53 /* Release */ = {
			isa = XCBuildConfiguration;
			buildSettings = {
				ALWAYS_SEARCH_USER_PATHS = NO;
				CLANG_ANALYZER_NONNULL = YES;
				CLANG_ANALYZER_NUMBER_OBJECT_CONVERSION = YES_AGGRESSIVE;
				CLANG_CXX_LANGUAGE_STANDARD = "gnu++20";
				CLANG_ENABLE_MODULES = YES;
				CLANG_ENABLE_OBJC_ARC = YES;
				CLANG_ENABLE_OBJC_WEAK = YES;
				CLANG_WARN_BLOCK_CAPTURE_AUTORELEASING = YES;
				CLANG_WARN_BOOL_CONVERSION = YES;
				CLANG_WARN_COMMA = YES;
				CLANG_WARN_CONSTANT_CONVERSION = YES;
				CLANG_WARN_DEPRECATED_OBJC_IMPLEMENTATIONS = YES;
				CLANG_WARN_DIRECT_OBJC_ISA_USAGE = YES_ERROR;
				CLANG_WARN_DOCUMENTATION_COMMENTS = YES;
				CLANG_WARN_EMPTY_BODY = YES;
				CLANG_WARN_ENUM_CONVERSION = YES;
				CLANG_WARN_INFINITE_RECURSION = YES;
				CLANG_WARN_INT_CONVERSION = YES;
				CLANG_WARN_NON_LITERAL_NULL_CONVERSION = YES;
				CLANG_WARN_OBJC_IMPLICIT_RETAIN_SELF = YES;
				CLANG_WARN_OBJC_LITERAL_CONVERSION = YES;
				CLANG_WARN_OBJC_ROOT_CLASS = YES_ERROR;
				CLANG_WARN_QUOTED_INCLUDE_IN_FRAMEWORK_HEADER = YES;
				CLANG_WARN_RANGE_LOOP_ANALYSIS = YES;
				CLANG_WARN_STRICT_PROTOTYPES = YES;
				CLANG_WARN_SUSPICIOUS_MOVE = YES;
				CLANG_WARN_UNGUARDED_AVAILABILITY = YES_AGGRESSIVE;
				CLANG_WARN_UNREACHABLE_CODE = YES;
				CLANG_WARN__DUPLICATE_METHOD_MATCH = YES;
				COPY_PHASE_STRIP = NO;
				DEBUG_INFORMATION_FORMAT = "dwarf-with-dsym";
				ENABLE_NS_ASSERTIONS = NO;
				ENABLE_STRICT_OBJC_MSGSEND = YES;
				GCC_C_LANGUAGE_STANDARD = gnu11;
				GCC_NO_COMMON_BLOCKS = YES;
				GCC_WARN_64_TO_32_BIT_CONVERSION = YES;
				GCC_WARN_ABOUT_RETURN_TYPE = YES_ERROR;
				GCC_WARN_UNDECLARED_SELECTOR = YES;
				GCC_WARN_UNINITIALIZED_AUTOS = YES_AGGRESSIVE;
				GCC_WARN_UNUSED_FUNCTION = YES;
				GCC_WARN_UNUSED_VARIABLE = YES;
				IPHONEOS_DEPLOYMENT_TARGET = 16.4;
				MTL_ENABLE_DEBUG_INFO = NO;
				MTL_FAST_MATH = YES;
				SDKROOT = iphoneos;
				SWIFT_COMPILATION_MODE = wholemodule;
				SWIFT_OPTIMIZATION_LEVEL = "-O";
				VALIDATE_PRODUCT = YES;
			};
			name = Release;
		};
		C7809DC22A40A1A400206C53 /* Debug */ = {
			isa = XCBuildConfiguration;
			buildSettings = {
				ASSETCATALOG_COMPILER_APPICON_NAME = AppIcon;
				ASSETCATALOG_COMPILER_GLOBAL_ACCENT_COLOR_NAME = AccentColor;
				CODE_SIGN_STYLE = Automatic;
				CURRENT_PROJECT_VERSION = 1;
				GENERATE_INFOPLIST_FILE = YES;
				INFOPLIST_FILE = UIKitApp/Resources/Info.plist;
				INFOPLIST_KEY_UIApplicationSupportsIndirectInputEvents = YES;
				INFOPLIST_KEY_UILaunchStoryboardName = LaunchScreen;
				INFOPLIST_KEY_UISupportedInterfaceOrientations = UIInterfaceOrientationPortrait;
				INFOPLIST_KEY_UISupportedInterfaceOrientations_iPad = "UIInterfaceOrientationPortrait UIInterfaceOrientationPortraitUpsideDown";
				IPHONEOS_DEPLOYMENT_TARGET = 16.0;
				LD_RUNPATH_SEARCH_PATHS = (
					"$(inherited)",
					"@executable_path/Frameworks",
				);
				MARKETING_VERSION = 1.0;
				PRODUCT_BUNDLE_IDENTIFIER = com.app.UIKitApp;
				PRODUCT_NAME = "$(TARGET_NAME)";
				SWIFT_EMIT_LOC_STRINGS = YES;
				SWIFT_VERSION = 5.0;
				TARGETED_DEVICE_FAMILY = "1,2";
			};
			name = Debug;
		};
		C7809DC32A40A1A400206C53 /* Release */ = {
			isa = XCBuildConfiguration;
			buildSettings = {
				ASSETCATALOG_COMPILER_APPICON_NAME = AppIcon;
				ASSETCATALOG_COMPILER_GLOBAL_ACCENT_COLOR_NAME = AccentColor;
				CODE_SIGN_STYLE = Automatic;
				CURRENT_PROJECT_VERSION = 1;
				GENERATE_INFOPLIST_FILE = YES;
				INFOPLIST_FILE = UIKitApp/Resources/Info.plist;
				INFOPLIST_KEY_UIApplicationSupportsIndirectInputEvents = YES;
				INFOPLIST_KEY_UILaunchStoryboardName = LaunchScreen;
				INFOPLIST_KEY_UISupportedInterfaceOrientations = UIInterfaceOrientationPortrait;
				INFOPLIST_KEY_UISupportedInterfaceOrientations_iPad = "UIInterfaceOrientationPortrait UIInterfaceOrientationPortraitUpsideDown";
				IPHONEOS_DEPLOYMENT_TARGET = 16.0;
				LD_RUNPATH_SEARCH_PATHS = (
					"$(inherited)",
					"@executable_path/Frameworks",
				);
				MARKETING_VERSION = 1.0;
				PRODUCT_BUNDLE_IDENTIFIER = com.app.UIKitApp;
				PRODUCT_NAME = "$(TARGET_NAME)";
				SWIFT_EMIT_LOC_STRINGS = YES;
				SWIFT_VERSION = 5.0;
				TARGETED_DEVICE_FAMILY = "1,2";
			};
			name = Release;
		};
/* End XCBuildConfiguration section */

/* Begin XCConfigurationList section */
		C7809DA82A40A1A200206C53 /* Build configuration list for PBXProject "UIKitApp" */ = {
			isa = XCConfigurationList;
			buildConfigurations = (
				C7809DBF2A40A1A400206C53 /* Debug */,
				C7809DC02A40A1A400206C53 /* Release */,
			);
			defaultConfigurationIsVisible = 0;
			defaultConfigurationName = Release;
		};
		C7809DC12A40A1A400206C53 /* Build configuration list for PBXNativeTarget "UIKitApp" */ = {
			isa = XCConfigurationList;
			buildConfigurations = (
				C7809DC22A40A1A400206C53 /* Debug */,
				C7809DC32A40A1A400206C53 /* Release */,
			);
			defaultConfigurationIsVisible = 0;
			defaultConfigurationName = Release;
		};
/* End XCConfigurationList section */
	};
	rootObject = C7809DA52A40A1A200206C53 /* Project object */;
}
